
Microsoft Visual Studio Solution File, Format Version 11.00
# Visual Studio 2010
Project("{00000000-0000-0000-0000-000000000000}") = "EmbedViewer", "EmbedViewer.csproj", "{2B235259-7D51-41DF-814A-9C377F66412A}"
EndProject
Global
	GlobalSection(SolutionConfigurationPlatforms) = preSolution
		Debug|Any CPU = Debug|Any CPU
		Release|Any CPU = Release|Any CPU
	EndGlobalSection
	GlobalSection(ProjectConfigurationPlatforms) = postSolution
		{2B235259-7D51-41DF-814A-9C377F66412A}.Debug|Any CPU.ActiveCfg = Debug|Any CPU
		{2B235259-7D51-41DF-814A-9C377F66412A}.Debug|Any CPU.Build.0 = Debug|Any CPU
		{2B235259-7D51-41DF-814A-9C377F66412A}.Release|Any CPU.ActiveCfg = Release|Any CPU
		{2B235259-7D51-41DF-814A-9C377F66412A}.Release|Any CPU.Build.0 = Release|Any CPU
	EndGlobalSection
	GlobalSection(SolutionProperties) = preSolution
		HideSolutionNode = FALSE
	EndGlobalSection
EndGlobal
